
Microsoft Visual Studio Solution File, Format Version 12.00
# Visual Studio Version 16
VisualStudioVersion = 16.0.33529.622
MinimumVisualStudioVersion = 10.0.40219.1
Project("{177050FA-E4FE-45AA-83B7-5E09D4215E4B}") = "MONSTERMCCrypterGUI", "NugetaCrypterGUI\MONSTERMCCrypterGUI.vbproj", "{C1E5F19E-B3C3-419B-8A07-165A675EA8E1}"
EndProject
Global
	GlobalSection(SolutionConfigurationPlatforms) = preSolution
		Debug|Any CPU = Debug|Any CPU
		Release|Any CPU = Release|Any CPU
	EndGlobalSection
	GlobalSection(ProjectConfigurationPlatforms) = postSolution
		{C1E5F19E-B3C3-419B-8A07-165A675EA8E1}.Debug|Any CPU.ActiveCfg = Debug|Any CPU
		{C1E5F19E-B3C3-419B-8A07-165A675EA8E1}.Debug|Any CPU.Build.0 = Debug|Any CPU
		{C1E5F19E-B3C3-419B-8A07-165A675EA8E1}.Release|Any CPU.ActiveCfg = Release|Any CPU
		{C1E5F19E-B3C3-419B-8A07-165A675EA8E1}.Release|Any CPU.Build.0 = Release|Any CPU
	EndGlobalSection
	GlobalSection(SolutionProperties) = preSolution
		HideSolutionNode = FALSE
	EndGlobalSection
	GlobalSection(ExtensibilityGlobals) = postSolution
		SolutionGuid = {904D6BC8-648E-4694-9EB5-B76908CE6153}
	EndGlobalSection
EndGlobal
